Microsoft Visual Studio Solution File, Format Version 12.00
# Visual Studio Version 17
VisualStudioVersion = 17.6.33801.468
MinimumVisualStudioVersion = 10.0.40219.1
Project("{FAE04EC0-301F-11D3-BF4B-00C04F79EFBC}") = "PicEditor", "PicEditor\PicEditor.csproj", "{FAAC929D-9C70-4FD0-A696-6C0A44BCA683}"
EndProject
Project("{FAE04EC0-301F-11D3-BF4B-00C04F79EFBC}") = "PicEditor.Tests", "PicEditor.Tests\PicEditor.Tests.csproj", "{771A6B31-4EDE-4CB5-AF25-A58DD2E16804}"
EndProject
Global
	GlobalSection(SolutionConfigurationPlatforms) = preSolution
		Debug|Any CPU = Debug|Any CPU
		Release|Any CPU = Release|Any CPU
	EndGlobalSection
	GlobalSection(ProjectConfigurationPlatforms) = postSolution
		{FAAC929D-9C70-4FD0-A696-6C0A44BCA683}.Debug|Any CPU.ActiveCfg = Debug|Any CPU
		{FAAC929D-9C70-4FD0-A696-6C0A44BCA683}.Debug|Any CPU.Build.0 = Debug|Any CPU
		{FAAC929D-9C70-4FD0-A696-6C0A44BCA683}.Release|Any CPU.ActiveCfg = Release|Any CPU
		{FAAC929D-9C70-4FD0-A696-6C0A44BCA683}.Release|Any CPU.Build.0 = Release|Any CPU
		{771A6B31-4EDE-4CB5-AF25-A58DD2E16804}.Debug|Any CPU.ActiveCfg = Debug|Any CPU
		{771A6B31-4EDE-4CB5-AF25-A58DD2E16804}.Debug|Any CPU.Build.0 = Debug|Any CPU
		{771A6B31-4EDE-4CB5-AF25-A58DD2E16804}.Release|Any CPU.ActiveCfg = Release|Any CPU
		{771A6B31-4EDE-4CB5-AF25-A58DD2E16804}.Release|Any CPU.Build.0 = Release|Any CPU
	EndGlobalSection
	GlobalSection(SolutionProperties) = preSolution
		HideSolutionNode = FALSE
	EndGlobalSection
EndGlobal
